// !$*UTF8*$!
{
	archiveVersion = 1;
	classes = {
	};
	objectVersion = 46;
	objects = {

/* Begin PBXBuildFile section */
		DDE946E41D47F69700E59EC6 /* AppDelegate.swift in Sources */ = {isa = PBXBuildFile; fileRef = DDE946E31D47F69700E59EC6 /* AppDelegate.swift */; };
		DDE946E61D47F69700E59EC6 /* ViewController.swift in Sources */ = {isa = PBXBuildFile; fileRef = DDE946E51D47F69700E59EC6 /* ViewController.swift */; };
		DDE946E91D47F69700E59EC6 /* Main.storyboard in Resources */ = {isa = PBXBuildFile; fileRef = DDE946E71D47F69700E59EC6 /* Main.storyboard */; };
		DDE946EB1D47F69700E59EC6 /* Assets.xcassets in Resources */ = {isa = PBXBuildFile; fileRef = DDE946EA1D47F69700E59EC6 /* Assets.xcassets */; };
		DDE946EE1D47F69700E59EC6 /* LaunchScreen.storyboard in Resources */ = {isa = PBXBuildFile; fileRef = DDE946EC1D47F69700E59EC6 /* LaunchScreen.storyboard */; };
		DDE946F61D47F6BF00E59EC6 /* One_Dance_Remix.mp3 in Resources */ = {isa = PBXBuildFile; fileRef = DDE946F51D47F6BF00E59EC6 /* One_Dance_Remix.mp3 */; };
/* End PBXBuildFile section */

/* Begin PBXFileReference section */
		DDE946E01D47F69700E59EC6 /* Working With Audio.app */ = {isa = PBXFileReference; explicitFileType = wrapper.application; includeInIndex = 0; path = "Working With Audio.app"; sourceTree = BUILT_PRODUCTS_DIR; };
		DDE946E31D47F69700E59EC6 /* AppDelegate.swift */ = {isa = PBXFileReference; lastKnownFileType = sourcecode.swift; path = AppDelegate.swift; sourceTree = "<group>"; };
		DDE946E51D47F69700E59EC6 /* ViewController.swift */ = {isa = PBXFileReference; lastKnownFileType = sourcecode.swift; path = ViewController.swift; sourceTree = "<group>"; };
		DDE946E81D47F69700E59EC6 /* Base */ = {isa = PBXFileReference; lastKnownFileType = file.storyboard; name = Base; path = Base.lproj/Main.storyboard; sourceTree = "<group>"; };
		DDE946EA1D47F69700E59EC6 /* Assets.xcassets */ = {isa = PBXFileReference; lastKnownFileType = folder.assetcatalog; path = Assets.xcassets; sourceTree = "<group>"; };
		DDE946ED1D47F69700E59EC6 /* Base */ = {isa = PBXFileReference; lastKnownFileType = file.storyboard; name = Base; path = Base.lproj/LaunchScreen.storyboard; sourceTree = "<group>"; };
		DDE946EF1D47F69700E59EC6 /* Info.plist */ = {isa = PBXFileReference; lastKnownFileType = text.plist.xml; path = Info.plist; sourceTree = "<group>"; };
		DDE946F51D47F6BF00E59EC6 /* One_Dance_Remix.mp3 */ = {isa = PBXFileReference; lastKnownFileType = audio.mp3; path = One_Dance_Remix.mp3; sourceTree = "<group>"; };
/* End PBXFileReference section */

/* Begin PBXFrameworksBuildPhase section */
		DDE946DD1D47F69700E59EC6 /* Frameworks */ = {
			isa = PBXFrameworksBuildPhase;
			buildActionMask = 2147483647;
			files = (
			);
			runOnlyForDeploymentPostprocessing = 0;
		};
/* End PBXFrameworksBuildPhase section */

/* Begin PBXGroup section */
		DDE946D71D47F69700E59EC6 = {
			isa = PBXGroup;
			children = (
				DDE946E21D47F69700E59EC6 /* Working With Audio */,
				DDE946E11D47F69700E59EC6 /* Products */,
			);
			sourceTree = "<group>";
		};
		DDE946E11D47F69700E59EC6 /* Products */ = {
			isa = PBXGroup;
			children = (
				DDE946E01D47F69700E59EC6 /* Working With Audio.app */,
			);
			name = Products;
			sourceTree = "<group>";
		};
		DDE946E21D47F69700E59EC6 /* Working With Audio */ = {
			isa = PBXGroup;
			children = (
				DDE946E31D47F69700E59EC6 /* AppDelegate.swift */,
				DDE946E51D47F69700E59EC6 /* ViewController.swift */,
				DDE946E71D47F69700E59EC6 /* Main.storyboard */,
				DDE946EA1D47F69700E59EC6 /* Assets.xcassets */,
				DDE946EC1D47F69700E59EC6 /* LaunchScreen.storyboard */,
				DDE946EF1D47F69700E59EC6 /* Info.plist */,
				DDE946F51D47F6BF00E59EC6 /* One_Dance_Remix.mp3 */,
			);
			path = "Working With Audio";
			sourceTree = "<group>";
		};
/* End PBXGroup section */

/* Begin PBXNativeTarget section */
		DDE946DF1D47F69700E59EC6 /* Working With Audio */ = {
			isa = PBXNativeTarget;
			buildConfigurationList = DDE946F21D47F69800E59EC6 /* Build configuration list for PBXNativeTarget "Working With Audio" */;
			buildPhases = (
				DDE946DC1D47F69700E59EC6 /* Sources */,
				DDE946DD1D47F69700E59EC6 /* Frameworks */,
				DDE946DE1D47F69700E59EC6 /* Resources */,
			);
			buildRules = (
			);
			dependencies = (
			);
			name = "Working With Audio";
			productName = "Working With Audio";
			productReference = DDE946E01D47F69700E59EC6 /* Working With Audio.app */;
			productType = "com.apple.product-type.application";
		};
/* End PBXNativeTarget section */

/* Begin PBXProject section */
		DDE946D81D47F69700E59EC6 /* Project object */ = {
			isa = PBXProject;
			attributes = {
				LastSwiftUpdateCheck = 0730;
				LastUpgradeCheck = 0730;
				ORGANIZATIONNAME = SerpentSoftware;
				TargetAttributes = {
					DDE946DF1D47F69700E59EC6 = {
						CreatedOnToolsVersion = 7.3.1;
						DevelopmentTeam = NDV3L24Q5A;
					};
				};
			};
			buildConfigurationList = DDE946DB1D47F69700E59EC6 /* Build configuration list for PBXProject "Working With Audio" */;
			compatibilityVersion = "Xcode 3.2";
			developmentRegion = English;
			hasScannedForEncodings = 0;
			knownRegions = (
				en,
				Base,
			);
			mainGroup = DDE946D71D47F69700E59EC6;
			productRefGroup = DDE946E11D47F69700E59EC6 /* Products */;
			projectDirPath = "";
			projectRoot = "";
			targets = (
				DDE946DF1D47F69700E59EC6 /* Working With Audio */,
			);
		};
/* End PBXProject section */

/* Begin PBXResourcesBuildPhase section */
		DDE946DE1D47F69700E59EC6 /* Resources */ = {
			isa = PBXResourcesBuildPhase;
			buildActionMask = 2147483647;
			files = (
				DDE946EE1D47F69700E59EC6 /* LaunchScreen.storyboard in Resources */,
				DDE946EB1D47F69700E59EC6 /* Assets.xcassets in Resources */,
				DDE946F61D47F6BF00E59EC6 /* One_Dance_Remix.mp3 in Resources */,
				DDE946E91D47F69700E59EC6 /* Main.storyboard in Resources */,
			);
			runOnlyForDeploymentPostprocessing = 0;
		};
/* End PBXResourcesBuildPhase section */

/* Begin PBXSourcesBuildPhase section */
		DDE946DC1D47F69700E59EC6 /* Sources */ = {
			isa = PBXSourcesBuildPhase;
			buildActionMask = 2147483647;
			files = (
				DDE946E61D47F69700E59EC6 /* ViewController.swift in Sources */,
				DDE946E41D47F69700E59EC6 /* AppDelegate.swift in Sources */,
			);
			runOnlyForDeploymentPostprocessing = 0;
		};
/* End PBXSourcesBuildPhase section */

/* Begin PBXVariantGroup section */
		DDE946E71D47F69700E59EC6 /* Main.storyboard */ = {
			isa = PBXVariantGroup;
			children = (
				DDE946E81D47F69700E59EC6 /* Base */,
			);
			name = Main.storyboard;
			sourceTree = "<group>";
		};
		DDE946EC1D47F69700E59EC6 /* LaunchScreen.storyboard */ = {
			isa = PBXVariantGroup;
			children = (
				DDE946ED1D47F69700E59EC6 /* Base */,
			);
			name = LaunchScreen.storyboard;
			sourceTree = "<group>";
		};
/* End PBXVariantGroup section */

/* Begin XCBuildConfiguration section */
		DDE946F01D47F69700E59EC6 /* Debug */ = {
			isa = XCBuildConfiguration;
			buildSettings = {
				ALWAYS_SEARCH_USER_PATHS = NO;
				CLANG_ANALYZER_NONNULL = YES;
				CLANG_CXX_LANGUAGE_STANDARD = "gnu++0x";
				CLANG_CXX_LIBRARY = "libc++";
				CLANG_ENABLE_MODULES = YES;
				CLANG_ENABLE_OBJC_ARC = YES;
				CLANG_WARN_BOOL_CONVERSION = YES;
				CLANG_WARN_CONSTANT_CONVERSION = YES;
				CLANG_WARN_DIRECT_OBJC_ISA_USAGE = YES_ERROR;
				CLANG_WARN_EMPTY_BODY = YES;
				CLANG_WARN_ENUM_CONVERSION = YES;
				CLANG_WARN_INT_CONVERSION = YES;
				CLANG_WARN_OBJC_ROOT_CLASS = YES_ERROR;
				CLANG_WARN_UNREACHABLE_CODE = YES;
				CLANG_WARN__DUPLICATE_METHOD_MATCH = YES;
				"CODE_SIGN_IDENTITY[sdk=iphoneos*]" = "iPhone Developer";
				COPY_PHASE_STRIP = NO;
				DEBUG_INFORMATION_FORMAT = dwarf;
				ENABLE_STRICT_OBJC_MSGSEND = YES;
				ENABLE_TESTABILITY = YES;
				GCC_C_LANGUAGE_STANDARD = gnu99;
				GCC_DYNAMIC_NO_PIC = NO;
				GCC_NO_COMMON_BLOCKS = YES;
				GCC_OPTIMIZATION_LEVEL = 0;
				GCC_PREPROCESSOR_DEFINITIONS = (
					"DEBUG=1",
					"$(inherited)",
				);
				GCC_WARN_64_TO_32_BIT_CONVERSION = YES;
				GCC_WARN_ABOUT_RETURN_TYPE = YES_ERROR;
				GCC_WARN_UNDECLARED_SELECTOR = YES;
				GCC_WARN_UNINITIALIZED_AUTOS = YES_AGGRESSIVE;
				GCC_WARN_UNUSED_FUNCTION = YES;
				GCC_WARN_UNUSED_VARIABLE = YES;
				IPHONEOS_DEPLOYMENT_TARGET = 9.3;
				MTL_ENABLE_DEBUG_INFO = YES;
				ONLY_ACTIVE_ARCH = YES;
				SDKROOT = iphoneos;
				SWIFT_OPTIMIZATION_LEVEL = "-Onone";
			};
			name = Debug;
		};
		DDE946F11D47F69700E59EC6 /* Release */ = {
			isa = XCBuildConfiguration;
			buildSettings = {
				ALWAYS_SEARCH_USER_PATHS = NO;
				CLANG_ANALYZER_NONNULL = YES;
				CLANG_CXX_LANGUAGE_STANDARD = "gnu++0x";
				CLANG_CXX_LIBRARY = "libc++";
				CLANG_ENABLE_MODULES = YES;
				CLANG_ENABLE_OBJC_ARC = YES;
				CLANG_WARN_BOOL_CONVERSION = YES;
				CLANG_WARN_CONSTANT_CONVERSION = YES;
				CLANG_WARN_DIRECT_OBJC_ISA_USAGE = YES_ERROR;
				CLANG_WARN_EMPTY_BODY = YES;
				CLANG_WARN_ENUM_CONVERSION = YES;
				CLANG_WARN_INT_CONVERSION = YES;
				CLANG_WARN_OBJC_ROOT_CLASS = YES_ERROR;
				CLANG_WARN_UNREACHABLE_CODE = YES;
				CLANG_WARN__DUPLICATE_METHOD_MATCH = YES;
				"CODE_SIGN_IDENTITY[sdk=iphoneos*]" = "iPhone Developer";
				COPY_PHASE_STRIP = NO;
				DEBUG_INFORMATION_FORMAT = "dwarf-with-dsym";
				ENABLE_NS_ASSERTIONS = NO;
				ENABLE_STRICT_OBJC_MSGSEND = YES;
				GCC_C_LANGUAGE_STANDARD = gnu99;
				GCC_NO_COMMON_BLOCKS = YES;
				GCC_WARN_64_TO_32_BIT_CONVERSION = YES;
				GCC_WARN_ABOUT_RETURN_TYPE = YES_ERROR;
				GCC_WARN_UNDECLARED_SELECTOR = YES;
				GCC_WARN_UNINITIALIZED_AUTOS = YES_AGGRESSIVE;
				GCC_WARN_UNUSED_FUNCTION = YES;
				GCC_WARN_UNUSED_VARIABLE = YES;
				IPHONEOS_DEPLOYMENT_TARGET = 9.3;
				MTL_ENABLE_DEBUG_INFO = NO;
				SDKROOT = iphoneos;
				VALIDATE_PRODUCT = YES;
			};
			name = Release;
		};
		DDE946F31D47F69800E59EC6 /* Debug */ = {
			isa = XCBuildConfiguration;
			buildSettings = {
				ASSETCATALOG_COMPILER_APPICON_NAME = AppIcon;
				INFOPLIST_FILE = "Working With Audio/Info.plist";
				LD_RUNPATH_SEARCH_PATHS = "$(inherited) @executable_path/Frameworks";
				PRODUCT_BUNDLE_IDENTIFIER = "com.serpentsoftware.Working-With-Audio";
				PRODUCT_NAME = "$(TARGET_NAME)";
			};
			name = Debug;
		};
		DDE946F41D47F69800E59EC6 /* Release */ = {
			isa = XCBuildConfiguration;
			buildSettings = {
				ASSETCATALOG_COMPILER_APPICON_NAME = AppIcon;
				INFOPLIST_FILE = "Working With Audio/Info.plist";
				LD_RUNPATH_SEARCH_PATHS = "$(inherited) @executable_path/Frameworks";
				PRODUCT_BUNDLE_IDENTIFIER = "com.serpentsoftware.Working-With-Audio";
				PRODUCT_NAME = "$(TARGET_NAME)";
			};
			name = Release;
		};
/* End XCBuildConfiguration section */

/* Begin XCConfigurationList section */
		DDE946DB1D47F69700E59EC6 /* Build configuration list for PBXProject "Working With Audio" */ = {
			isa = XCConfigurationList;
			buildConfigurations = (
				DDE946F01D47F69700E59EC6 /* Debug */,
				DDE946F11D47F69700E59EC6 /* Release */,
			);
			defaultConfigurationIsVisible = 0;
			defaultConfigurationName = Release;
		};
		DDE946F21D47F69800E59EC6 /* Build configuration list for PBXNativeTarget "Working With Audio" */ = {
			isa = XCConfigurationList;
			buildConfigurations = (
				DDE946F31D47F69800E59EC6 /* Debug */,
				DDE946F41D47F69800E59EC6 /* Release */,
			);
			defaultConfigurationIsVisible = 0;
		};
/* End XCConfigurationList section */
	};
	rootObject = DDE946D81D47F69700E59EC6 /* Project object */;
}
