// !$*UTF8*$!
{
	archiveVersion = 1;
	classes = {
	};
	objectVersion = 46;
	objects = {

/* Begin PBXBuildFile section */
		DD4870D71D3E9B7D00F11E2E /* TableViewController.swift in Sources */ = {isa = PBXBuildFile; fileRef = DD4870D61D3E9B7D00F11E2E /* TableViewController.swift */; };
		DD4870D91D3E9E3400F11E2E /* CoreLocation.framework in Frameworks */ = {isa = PBXBuildFile; fileRef = DD4870D81D3E9E3400F11E2E /* CoreLocation.framework */; };
		DD6E98E61D3E94570028D52B /* AppDelegate.swift in Sources */ = {isa = PBXBuildFile; fileRef = DD6E98E51D3E94570028D52B /* AppDelegate.swift */; };
		DD6E98E81D3E94570028D52B /* ViewController.swift in Sources */ = {isa = PBXBuildFile; fileRef = DD6E98E71D3E94570028D52B /* ViewController.swift */; };
		DD6E98EB1D3E94570028D52B /* Main.storyboard in Resources */ = {isa = PBXBuildFile; fileRef = DD6E98E91D3E94570028D52B /* Main.storyboard */; };
		DD6E98ED1D3E94570028D52B /* Assets.xcassets in Resources */ = {isa = PBXBuildFile; fileRef = DD6E98EC1D3E94570028D52B /* Assets.xcassets */; };
		DD6E98F01D3E94570028D52B /* LaunchScreen.storyboard in Resources */ = {isa = PBXBuildFile; fileRef = DD6E98EE1D3E94570028D52B /* LaunchScreen.storyboard */; };
/* End PBXBuildFile section */

/* Begin PBXFileReference section */
		DD4870D61D3E9B7D00F11E2E /* TableViewController.swift */ = {isa = PBXFileReference; fileEncoding = 4; lastKnownFileType = sourcecode.swift; path = TableViewController.swift; sourceTree = "<group>"; };
		DD4870D81D3E9E3400F11E2E /* CoreLocation.framework */ = {isa = PBXFileReference; lastKnownFileType = wrapper.framework; name = CoreLocation.framework; path = System/Library/Frameworks/CoreLocation.framework; sourceTree = SDKROOT; };
		DD6E98E21D3E94570028D52B /* Memorable Places.app */ = {isa = PBXFileReference; explicitFileType = wrapper.application; includeInIndex = 0; path = "Memorable Places.app"; sourceTree = BUILT_PRODUCTS_DIR; };
		DD6E98E51D3E94570028D52B /* AppDelegate.swift */ = {isa = PBXFileReference; lastKnownFileType = sourcecode.swift; path = AppDelegate.swift; sourceTree = "<group>"; };
		DD6E98E71D3E94570028D52B /* ViewController.swift */ = {isa = PBXFileReference; lastKnownFileType = sourcecode.swift; path = ViewController.swift; sourceTree = "<group>"; };
		DD6E98EA1D3E94570028D52B /* Base */ = {isa = PBXFileReference; lastKnownFileType = file.storyboard; name = Base; path = Base.lproj/Main.storyboard; sourceTree = "<group>"; };
		DD6E98EC1D3E94570028D52B /* Assets.xcassets */ = {isa = PBXFileReference; lastKnownFileType = folder.assetcatalog; path = Assets.xcassets; sourceTree = "<group>"; };
		DD6E98EF1D3E94570028D52B /* Base */ = {isa = PBXFileReference; lastKnownFileType = file.storyboard; name = Base; path = Base.lproj/LaunchScreen.storyboard; sourceTree = "<group>"; };
		DD6E98F11D3E94570028D52B /* Info.plist */ = {isa = PBXFileReference; lastKnownFileType = text.plist.xml; path = Info.plist; sourceTree = "<group>"; };
/* End PBXFileReference section */

/* Begin PBXFrameworksBuildPhase section */
		DD6E98DF1D3E94570028D52B /* Frameworks */ = {
			isa = PBXFrameworksBuildPhase;
			buildActionMask = 2147483647;
			files = (
				DD4870D91D3E9E3400F11E2E /* CoreLocation.framework in Frameworks */,
			);
			runOnlyForDeploymentPostprocessing = 0;
		};
/* End PBXFrameworksBuildPhase section */

/* Begin PBXGroup section */
		DD6E98D91D3E94570028D52B = {
			isa = PBXGroup;
			children = (
				DD4870D81D3E9E3400F11E2E /* CoreLocation.framework */,
				DD6E98E41D3E94570028D52B /* Memorable Places */,
				DD6E98E31D3E94570028D52B /* Products */,
			);
			sourceTree = "<group>";
		};
		DD6E98E31D3E94570028D52B /* Products */ = {
			isa = PBXGroup;
			children = (
				DD6E98E21D3E94570028D52B /* Memorable Places.app */,
			);
			name = Products;
			sourceTree = "<group>";
		};
		DD6E98E41D3E94570028D52B /* Memorable Places */ = {
			isa = PBXGroup;
			children = (
				DD6E98E51D3E94570028D52B /* AppDelegate.swift */,
				DD6E98E71D3E94570028D52B /* ViewController.swift */,
				DD4870D61D3E9B7D00F11E2E /* TableViewController.swift */,
				DD6E98E91D3E94570028D52B /* Main.storyboard */,
				DD6E98EC1D3E94570028D52B /* Assets.xcassets */,
				DD6E98EE1D3E94570028D52B /* LaunchScreen.storyboard */,
				DD6E98F11D3E94570028D52B /* Info.plist */,
			);
			path = "Memorable Places";
			sourceTree = "<group>";
		};
/* End PBXGroup section */

/* Begin PBXNativeTarget section */
		DD6E98E11D3E94570028D52B /* Memorable Places */ = {
			isa = PBXNativeTarget;
			buildConfigurationList = DD6E98F41D3E94570028D52B /* Build configuration list for PBXNativeTarget "Memorable Places" */;
			buildPhases = (
				DD6E98DE1D3E94570028D52B /* Sources */,
				DD6E98DF1D3E94570028D52B /* Frameworks */,
				DD6E98E01D3E94570028D52B /* Resources */,
			);
			buildRules = (
			);
			dependencies = (
			);
			name = "Memorable Places";
			productName = "Memorable Places";
			productReference = DD6E98E21D3E94570028D52B /* Memorable Places.app */;
			productType = "com.apple.product-type.application";
		};
/* End PBXNativeTarget section */

/* Begin PBXProject section */
		DD6E98DA1D3E94570028D52B /* Project object */ = {
			isa = PBXProject;
			attributes = {
				LastSwiftUpdateCheck = 0730;
				LastUpgradeCheck = 0730;
				ORGANIZATIONNAME = SerpentSoftware;
				TargetAttributes = {
					DD6E98E11D3E94570028D52B = {
						CreatedOnToolsVersion = 7.3.1;
						DevelopmentTeam = NDV3L24Q5A;
					};
				};
			};
			buildConfigurationList = DD6E98DD1D3E94570028D52B /* Build configuration list for PBXProject "Memorable Places" */;
			compatibilityVersion = "Xcode 3.2";
			developmentRegion = English;
			hasScannedForEncodings = 0;
			knownRegions = (
				en,
				Base,
			);
			mainGroup = DD6E98D91D3E94570028D52B;
			productRefGroup = DD6E98E31D3E94570028D52B /* Products */;
			projectDirPath = "";
			projectRoot = "";
			targets = (
				DD6E98E11D3E94570028D52B /* Memorable Places */,
			);
		};
/* End PBXProject section */

/* Begin PBXResourcesBuildPhase section */
		DD6E98E01D3E94570028D52B /* Resources */ = {
			isa = PBXResourcesBuildPhase;
			buildActionMask = 2147483647;
			files = (
				DD6E98F01D3E94570028D52B /* LaunchScreen.storyboard in Resources */,
				DD6E98ED1D3E94570028D52B /* Assets.xcassets in Resources */,
				DD6E98EB1D3E94570028D52B /* Main.storyboard in Resources */,
			);
			runOnlyForDeploymentPostprocessing = 0;
		};
/* End PBXResourcesBuildPhase section */

/* Begin PBXSourcesBuildPhase section */
		DD6E98DE1D3E94570028D52B /* Sources */ = {
			isa = PBXSourcesBuildPhase;
			buildActionMask = 2147483647;
			files = (
				DD6E98E81D3E94570028D52B /* ViewController.swift in Sources */,
				DD4870D71D3E9B7D00F11E2E /* TableViewController.swift in Sources */,
				DD6E98E61D3E94570028D52B /* AppDelegate.swift in Sources */,
			);
			runOnlyForDeploymentPostprocessing = 0;
		};
/* End PBXSourcesBuildPhase section */

/* Begin PBXVariantGroup section */
		DD6E98E91D3E94570028D52B /* Main.storyboard */ = {
			isa = PBXVariantGroup;
			children = (
				DD6E98EA1D3E94570028D52B /* Base */,
			);
			name = Main.storyboard;
			sourceTree = "<group>";
		};
		DD6E98EE1D3E94570028D52B /* LaunchScreen.storyboard */ = {
			isa = PBXVariantGroup;
			children = (
				DD6E98EF1D3E94570028D52B /* Base */,
			);
			name = LaunchScreen.storyboard;
			sourceTree = "<group>";
		};
/* End PBXVariantGroup section */

/* Begin XCBuildConfiguration section */
		DD6E98F21D3E94570028D52B /* Debug */ = {
			isa = XCBuildConfiguration;
			buildSettings = {
				ALWAYS_SEARCH_USER_PATHS = NO;
				CLANG_ANALYZER_NONNULL = YES;
				CLANG_CXX_LANGUAGE_STANDARD = "gnu++0x";
				CLANG_CXX_LIBRARY = "libc++";
				CLANG_ENABLE_MODULES = YES;
				CLANG_ENABLE_OBJC_ARC = YES;
				CLANG_WARN_BOOL_CONVERSION = YES;
				CLANG_WARN_CONSTANT_CONVERSION = YES;
				CLANG_WARN_DIRECT_OBJC_ISA_USAGE = YES_ERROR;
				CLANG_WARN_EMPTY_BODY = YES;
				CLANG_WARN_ENUM_CONVERSION = YES;
				CLANG_WARN_INT_CONVERSION = YES;
				CLANG_WARN_OBJC_ROOT_CLASS = YES_ERROR;
				CLANG_WARN_UNREACHABLE_CODE = YES;
				CLANG_WARN__DUPLICATE_METHOD_MATCH = YES;
				"CODE_SIGN_IDENTITY[sdk=iphoneos*]" = "iPhone Developer";
				COPY_PHASE_STRIP = NO;
				DEBUG_INFORMATION_FORMAT = dwarf;
				ENABLE_STRICT_OBJC_MSGSEND = YES;
				ENABLE_TESTABILITY = YES;
				GCC_C_LANGUAGE_STANDARD = gnu99;
				GCC_DYNAMIC_NO_PIC = NO;
				GCC_NO_COMMON_BLOCKS = YES;
				GCC_OPTIMIZATION_LEVEL = 0;
				GCC_PREPROCESSOR_DEFINITIONS = (
					"DEBUG=1",
					"$(inherited)",
				);
				GCC_WARN_64_TO_32_BIT_CONVERSION = YES;
				GCC_WARN_ABOUT_RETURN_TYPE = YES_ERROR;
				GCC_WARN_UNDECLARED_SELECTOR = YES;
				GCC_WARN_UNINITIALIZED_AUTOS = YES_AGGRESSIVE;
				GCC_WARN_UNUSED_FUNCTION = YES;
				GCC_WARN_UNUSED_VARIABLE = YES;
				IPHONEOS_DEPLOYMENT_TARGET = 9.3;
				MTL_ENABLE_DEBUG_INFO = YES;
				ONLY_ACTIVE_ARCH = YES;
				SDKROOT = iphoneos;
				SWIFT_OPTIMIZATION_LEVEL = "-Onone";
			};
			name = Debug;
		};
		DD6E98F31D3E94570028D52B /* Release */ = {
			isa = XCBuildConfiguration;
			buildSettings = {
				ALWAYS_SEARCH_USER_PATHS = NO;
				CLANG_ANALYZER_NONNULL = YES;
				CLANG_CXX_LANGUAGE_STANDARD = "gnu++0x";
				CLANG_CXX_LIBRARY = "libc++";
				CLANG_ENABLE_MODULES = YES;
				CLANG_ENABLE_OBJC_ARC = YES;
				CLANG_WARN_BOOL_CONVERSION = YES;
				CLANG_WARN_CONSTANT_CONVERSION = YES;
				CLANG_WARN_DIRECT_OBJC_ISA_USAGE = YES_ERROR;
				CLANG_WARN_EMPTY_BODY = YES;
				CLANG_WARN_ENUM_CONVERSION = YES;
				CLANG_WARN_INT_CONVERSION = YES;
				CLANG_WARN_OBJC_ROOT_CLASS = YES_ERROR;
				CLANG_WARN_UNREACHABLE_CODE = YES;
				CLANG_WARN__DUPLICATE_METHOD_MATCH = YES;
				"CODE_SIGN_IDENTITY[sdk=iphoneos*]" = "iPhone Developer";
				COPY_PHASE_STRIP = NO;
				DEBUG_INFORMATION_FORMAT = "dwarf-with-dsym";
				ENABLE_NS_ASSERTIONS = NO;
				ENABLE_STRICT_OBJC_MSGSEND = YES;
				GCC_C_LANGUAGE_STANDARD = gnu99;
				GCC_NO_COMMON_BLOCKS = YES;
				GCC_WARN_64_TO_32_BIT_CONVERSION = YES;
				GCC_WARN_ABOUT_RETURN_TYPE = YES_ERROR;
				GCC_WARN_UNDECLARED_SELECTOR = YES;
				GCC_WARN_UNINITIALIZED_AUTOS = YES_AGGRESSIVE;
				GCC_WARN_UNUSED_FUNCTION = YES;
				GCC_WARN_UNUSED_VARIABLE = YES;
				IPHONEOS_DEPLOYMENT_TARGET = 9.3;
				MTL_ENABLE_DEBUG_INFO = NO;
				SDKROOT = iphoneos;
				VALIDATE_PRODUCT = YES;
			};
			name = Release;
		};
		DD6E98F51D3E94570028D52B /* Debug */ = {
			isa = XCBuildConfiguration;
			buildSettings = {
				ASSETCATALOG_COMPILER_APPICON_NAME = AppIcon;
				INFOPLIST_FILE = "Memorable Places/Info.plist";
				LD_RUNPATH_SEARCH_PATHS = "$(inherited) @executable_path/Frameworks";
				PRODUCT_BUNDLE_IDENTIFIER = "com.serpentsoftware.Memorable-Places";
				PRODUCT_NAME = "$(TARGET_NAME)";
			};
			name = Debug;
		};
		DD6E98F61D3E94570028D52B /* Release */ = {
			isa = XCBuildConfiguration;
			buildSettings = {
				ASSETCATALOG_COMPILER_APPICON_NAME = AppIcon;
				INFOPLIST_FILE = "Memorable Places/Info.plist";
				LD_RUNPATH_SEARCH_PATHS = "$(inherited) @executable_path/Frameworks";
				PRODUCT_BUNDLE_IDENTIFIER = "com.serpentsoftware.Memorable-Places";
				PRODUCT_NAME = "$(TARGET_NAME)";
			};
			name = Release;
		};
/* End XCBuildConfiguration section */

/* Begin XCConfigurationList section */
		DD6E98DD1D3E94570028D52B /* Build configuration list for PBXProject "Memorable Places" */ = {
			isa = XCConfigurationList;
			buildConfigurations = (
				DD6E98F21D3E94570028D52B /* Debug */,
				DD6E98F31D3E94570028D52B /* Release */,
			);
			defaultConfigurationIsVisible = 0;
			defaultConfigurationName = Release;
		};
		DD6E98F41D3E94570028D52B /* Build configuration list for PBXNativeTarget "Memorable Places" */ = {
			isa = XCConfigurationList;
			buildConfigurations = (
				DD6E98F51D3E94570028D52B /* Debug */,
				DD6E98F61D3E94570028D52B /* Release */,
			);
			defaultConfigurationIsVisible = 0;
			defaultConfigurationName = Release;
		};
/* End XCConfigurationList section */
	};
	rootObject = DD6E98DA1D3E94570028D52B /* Project object */;
}
