// !$*UTF8*$!
{
	archiveVersion = 1;
	classes = {
	};
	objectVersion = 46;
	objects = {

/* Begin PBXBuildFile section */
		DD5929281D3DCED70091B6FC /* AppDelegate.swift in Sources */ = {isa = PBXBuildFile; fileRef = DD5929271D3DCED70091B6FC /* AppDelegate.swift */; };
		DD59292A1D3DCED70091B6FC /* ViewController.swift in Sources */ = {isa = PBXBuildFile; fileRef = DD5929291D3DCED70091B6FC /* ViewController.swift */; };
		DD59292D1D3DCED70091B6FC /* Main.storyboard in Resources */ = {isa = PBXBuildFile; fileRef = DD59292B1D3DCED70091B6FC /* Main.storyboard */; };
		DD59292F1D3DCED70091B6FC /* Assets.xcassets in Resources */ = {isa = PBXBuildFile; fileRef = DD59292E1D3DCED70091B6FC /* Assets.xcassets */; };
		DD5929321D3DCED70091B6FC /* LaunchScreen.storyboard in Resources */ = {isa = PBXBuildFile; fileRef = DD5929301D3DCED70091B6FC /* LaunchScreen.storyboard */; };
		DD59293A1D3DD1440091B6FC /* TableViewController.swift in Sources */ = {isa = PBXBuildFile; fileRef = DD5929391D3DD1440091B6FC /* TableViewController.swift */; };
/* End PBXBuildFile section */

/* Begin PBXFileReference section */
		DD5929241D3DCED70091B6FC /* Advanced Segues.app */ = {isa = PBXFileReference; explicitFileType = wrapper.application; includeInIndex = 0; path = "Advanced Segues.app"; sourceTree = BUILT_PRODUCTS_DIR; };
		DD5929271D3DCED70091B6FC /* AppDelegate.swift */ = {isa = PBXFileReference; lastKnownFileType = sourcecode.swift; path = AppDelegate.swift; sourceTree = "<group>"; };
		DD5929291D3DCED70091B6FC /* ViewController.swift */ = {isa = PBXFileReference; lastKnownFileType = sourcecode.swift; path = ViewController.swift; sourceTree = "<group>"; };
		DD59292C1D3DCED70091B6FC /* Base */ = {isa = PBXFileReference; lastKnownFileType = file.storyboard; name = Base; path = Base.lproj/Main.storyboard; sourceTree = "<group>"; };
		DD59292E1D3DCED70091B6FC /* Assets.xcassets */ = {isa = PBXFileReference; lastKnownFileType = folder.assetcatalog; path = Assets.xcassets; sourceTree = "<group>"; };
		DD5929311D3DCED70091B6FC /* Base */ = {isa = PBXFileReference; lastKnownFileType = file.storyboard; name = Base; path = Base.lproj/LaunchScreen.storyboard; sourceTree = "<group>"; };
		DD5929331D3DCED70091B6FC /* Info.plist */ = {isa = PBXFileReference; lastKnownFileType = text.plist.xml; path = Info.plist; sourceTree = "<group>"; };
		DD5929391D3DD1440091B6FC /* TableViewController.swift */ = {isa = PBXFileReference; fileEncoding = 4; lastKnownFileType = sourcecode.swift; path = TableViewController.swift; sourceTree = "<group>"; };
/* End PBXFileReference section */

/* Begin PBXFrameworksBuildPhase section */
		DD5929211D3DCED70091B6FC /* Frameworks */ = {
			isa = PBXFrameworksBuildPhase;
			buildActionMask = 2147483647;
			files = (
			);
			runOnlyForDeploymentPostprocessing = 0;
		};
/* End PBXFrameworksBuildPhase section */

/* Begin PBXGroup section */
		DD59291B1D3DCED60091B6FC = {
			isa = PBXGroup;
			children = (
				DD5929261D3DCED70091B6FC /* Advanced Segues */,
				DD5929251D3DCED70091B6FC /* Products */,
			);
			sourceTree = "<group>";
		};
		DD5929251D3DCED70091B6FC /* Products */ = {
			isa = PBXGroup;
			children = (
				DD5929241D3DCED70091B6FC /* Advanced Segues.app */,
			);
			name = Products;
			sourceTree = "<group>";
		};
		DD5929261D3DCED70091B6FC /* Advanced Segues */ = {
			isa = PBXGroup;
			children = (
				DD5929271D3DCED70091B6FC /* AppDelegate.swift */,
				DD5929291D3DCED70091B6FC /* ViewController.swift */,
				DD59292B1D3DCED70091B6FC /* Main.storyboard */,
				DD5929391D3DD1440091B6FC /* TableViewController.swift */,
				DD59292E1D3DCED70091B6FC /* Assets.xcassets */,
				DD5929301D3DCED70091B6FC /* LaunchScreen.storyboard */,
				DD5929331D3DCED70091B6FC /* Info.plist */,
			);
			path = "Advanced Segues";
			sourceTree = "<group>";
		};
/* End PBXGroup section */

/* Begin PBXNativeTarget section */
		DD5929231D3DCED70091B6FC /* Advanced Segues */ = {
			isa = PBXNativeTarget;
			buildConfigurationList = DD5929361D3DCED70091B6FC /* Build configuration list for PBXNativeTarget "Advanced Segues" */;
			buildPhases = (
				DD5929201D3DCED70091B6FC /* Sources */,
				DD5929211D3DCED70091B6FC /* Frameworks */,
				DD5929221D3DCED70091B6FC /* Resources */,
			);
			buildRules = (
			);
			dependencies = (
			);
			name = "Advanced Segues";
			productName = "Advanced Segues";
			productReference = DD5929241D3DCED70091B6FC /* Advanced Segues.app */;
			productType = "com.apple.product-type.application";
		};
/* End PBXNativeTarget section */

/* Begin PBXProject section */
		DD59291C1D3DCED60091B6FC /* Project object */ = {
			isa = PBXProject;
			attributes = {
				LastSwiftUpdateCheck = 0730;
				LastUpgradeCheck = 0730;
				ORGANIZATIONNAME = SerpentSoftware;
				TargetAttributes = {
					DD5929231D3DCED70091B6FC = {
						CreatedOnToolsVersion = 7.3.1;
						DevelopmentTeam = NDV3L24Q5A;
					};
				};
			};
			buildConfigurationList = DD59291F1D3DCED60091B6FC /* Build configuration list for PBXProject "Advanced Segues" */;
			compatibilityVersion = "Xcode 3.2";
			developmentRegion = English;
			hasScannedForEncodings = 0;
			knownRegions = (
				en,
				Base,
			);
			mainGroup = DD59291B1D3DCED60091B6FC;
			productRefGroup = DD5929251D3DCED70091B6FC /* Products */;
			projectDirPath = "";
			projectRoot = "";
			targets = (
				DD5929231D3DCED70091B6FC /* Advanced Segues */,
			);
		};
/* End PBXProject section */

/* Begin PBXResourcesBuildPhase section */
		DD5929221D3DCED70091B6FC /* Resources */ = {
			isa = PBXResourcesBuildPhase;
			buildActionMask = 2147483647;
			files = (
				DD5929321D3DCED70091B6FC /* LaunchScreen.storyboard in Resources */,
				DD59292F1D3DCED70091B6FC /* Assets.xcassets in Resources */,
				DD59292D1D3DCED70091B6FC /* Main.storyboard in Resources */,
			);
			runOnlyForDeploymentPostprocessing = 0;
		};
/* End PBXResourcesBuildPhase section */

/* Begin PBXSourcesBuildPhase section */
		DD5929201D3DCED70091B6FC /* Sources */ = {
			isa = PBXSourcesBuildPhase;
			buildActionMask = 2147483647;
			files = (
				DD59292A1D3DCED70091B6FC /* ViewController.swift in Sources */,
				DD59293A1D3DD1440091B6FC /* TableViewController.swift in Sources */,
				DD5929281D3DCED70091B6FC /* AppDelegate.swift in Sources */,
			);
			runOnlyForDeploymentPostprocessing = 0;
		};
/* End PBXSourcesBuildPhase section */

/* Begin PBXVariantGroup section */
		DD59292B1D3DCED70091B6FC /* Main.storyboard */ = {
			isa = PBXVariantGroup;
			children = (
				DD59292C1D3DCED70091B6FC /* Base */,
			);
			name = Main.storyboard;
			sourceTree = "<group>";
		};
		DD5929301D3DCED70091B6FC /* LaunchScreen.storyboard */ = {
			isa = PBXVariantGroup;
			children = (
				DD5929311D3DCED70091B6FC /* Base */,
			);
			name = LaunchScreen.storyboard;
			sourceTree = "<group>";
		};
/* End PBXVariantGroup section */

/* Begin XCBuildConfiguration section */
		DD5929341D3DCED70091B6FC /* Debug */ = {
			isa = XCBuildConfiguration;
			buildSettings = {
				ALWAYS_SEARCH_USER_PATHS = NO;
				CLANG_ANALYZER_NONNULL = YES;
				CLANG_CXX_LANGUAGE_STANDARD = "gnu++0x";
				CLANG_CXX_LIBRARY = "libc++";
				CLANG_ENABLE_MODULES = YES;
				CLANG_ENABLE_OBJC_ARC = YES;
				CLANG_WARN_BOOL_CONVERSION = YES;
				CLANG_WARN_CONSTANT_CONVERSION = YES;
				CLANG_WARN_DIRECT_OBJC_ISA_USAGE = YES_ERROR;
				CLANG_WARN_EMPTY_BODY = YES;
				CLANG_WARN_ENUM_CONVERSION = YES;
				CLANG_WARN_INT_CONVERSION = YES;
				CLANG_WARN_OBJC_ROOT_CLASS = YES_ERROR;
				CLANG_WARN_UNREACHABLE_CODE = YES;
				CLANG_WARN__DUPLICATE_METHOD_MATCH = YES;
				"CODE_SIGN_IDENTITY[sdk=iphoneos*]" = "iPhone Developer";
				COPY_PHASE_STRIP = NO;
				DEBUG_INFORMATION_FORMAT = dwarf;
				ENABLE_STRICT_OBJC_MSGSEND = YES;
				ENABLE_TESTABILITY = YES;
				GCC_C_LANGUAGE_STANDARD = gnu99;
				GCC_DYNAMIC_NO_PIC = NO;
				GCC_NO_COMMON_BLOCKS = YES;
				GCC_OPTIMIZATION_LEVEL = 0;
				GCC_PREPROCESSOR_DEFINITIONS = (
					"DEBUG=1",
					"$(inherited)",
				);
				GCC_WARN_64_TO_32_BIT_CONVERSION = YES;
				GCC_WARN_ABOUT_RETURN_TYPE = YES_ERROR;
				GCC_WARN_UNDECLARED_SELECTOR = YES;
				GCC_WARN_UNINITIALIZED_AUTOS = YES_AGGRESSIVE;
				GCC_WARN_UNUSED_FUNCTION = YES;
				GCC_WARN_UNUSED_VARIABLE = YES;
				IPHONEOS_DEPLOYMENT_TARGET = 9.3;
				MTL_ENABLE_DEBUG_INFO = YES;
				ONLY_ACTIVE_ARCH = YES;
				SDKROOT = iphoneos;
				SWIFT_OPTIMIZATION_LEVEL = "-Onone";
			};
			name = Debug;
		};
		DD5929351D3DCED70091B6FC /* Release */ = {
			isa = XCBuildConfiguration;
			buildSettings = {
				ALWAYS_SEARCH_USER_PATHS = NO;
				CLANG_ANALYZER_NONNULL = YES;
				CLANG_CXX_LANGUAGE_STANDARD = "gnu++0x";
				CLANG_CXX_LIBRARY = "libc++";
				CLANG_ENABLE_MODULES = YES;
				CLANG_ENABLE_OBJC_ARC = YES;
				CLANG_WARN_BOOL_CONVERSION = YES;
				CLANG_WARN_CONSTANT_CONVERSION = YES;
				CLANG_WARN_DIRECT_OBJC_ISA_USAGE = YES_ERROR;
				CLANG_WARN_EMPTY_BODY = YES;
				CLANG_WARN_ENUM_CONVERSION = YES;
				CLANG_WARN_INT_CONVERSION = YES;
				CLANG_WARN_OBJC_ROOT_CLASS = YES_ERROR;
				CLANG_WARN_UNREACHABLE_CODE = YES;
				CLANG_WARN__DUPLICATE_METHOD_MATCH = YES;
				"CODE_SIGN_IDENTITY[sdk=iphoneos*]" = "iPhone Developer";
				COPY_PHASE_STRIP = NO;
				DEBUG_INFORMATION_FORMAT = "dwarf-with-dsym";
				ENABLE_NS_ASSERTIONS = NO;
				ENABLE_STRICT_OBJC_MSGSEND = YES;
				GCC_C_LANGUAGE_STANDARD = gnu99;
				GCC_NO_COMMON_BLOCKS = YES;
				GCC_WARN_64_TO_32_BIT_CONVERSION = YES;
				GCC_WARN_ABOUT_RETURN_TYPE = YES_ERROR;
				GCC_WARN_UNDECLARED_SELECTOR = YES;
				GCC_WARN_UNINITIALIZED_AUTOS = YES_AGGRESSIVE;
				GCC_WARN_UNUSED_FUNCTION = YES;
				GCC_WARN_UNUSED_VARIABLE = YES;
				IPHONEOS_DEPLOYMENT_TARGET = 9.3;
				MTL_ENABLE_DEBUG_INFO = NO;
				SDKROOT = iphoneos;
				VALIDATE_PRODUCT = YES;
			};
			name = Release;
		};
		DD5929371D3DCED70091B6FC /* Debug */ = {
			isa = XCBuildConfiguration;
			buildSettings = {
				ASSETCATALOG_COMPILER_APPICON_NAME = AppIcon;
				INFOPLIST_FILE = "Advanced Segues/Info.plist";
				LD_RUNPATH_SEARCH_PATHS = "$(inherited) @executable_path/Frameworks";
				PRODUCT_BUNDLE_IDENTIFIER = "com.serpentsoftware.Advanced-Segues";
				PRODUCT_NAME = "$(TARGET_NAME)";
			};
			name = Debug;
		};
		DD5929381D3DCED70091B6FC /* Release */ = {
			isa = XCBuildConfiguration;
			buildSettings = {
				ASSETCATALOG_COMPILER_APPICON_NAME = AppIcon;
				INFOPLIST_FILE = "Advanced Segues/Info.plist";
				LD_RUNPATH_SEARCH_PATHS = "$(inherited) @executable_path/Frameworks";
				PRODUCT_BUNDLE_IDENTIFIER = "com.serpentsoftware.Advanced-Segues";
				PRODUCT_NAME = "$(TARGET_NAME)";
			};
			name = Release;
		};
/* End XCBuildConfiguration section */

/* Begin XCConfigurationList section */
		DD59291F1D3DCED60091B6FC /* Build configuration list for PBXProject "Advanced Segues" */ = {
			isa = XCConfigurationList;
			buildConfigurations = (
				DD5929341D3DCED70091B6FC /* Debug */,
				DD5929351D3DCED70091B6FC /* Release */,
			);
			defaultConfigurationIsVisible = 0;
			defaultConfigurationName = Release;
		};
		DD5929361D3DCED70091B6FC /* Build configuration list for PBXNativeTarget "Advanced Segues" */ = {
			isa = XCConfigurationList;
			buildConfigurations = (
				DD5929371D3DCED70091B6FC /* Debug */,
				DD5929381D3DCED70091B6FC /* Release */,
			);
			defaultConfigurationIsVisible = 0;
		};
/* End XCConfigurationList section */
	};
	rootObject = DD59291C1D3DCED60091B6FC /* Project object */;
}
